Microsoft Visual Studio Solution File, Format Version 11.00
# Visual Studio 2008

Project("{8955F4AE-57C2-FCFB-890F-DA27AA3E90C5}") = "TopDownShooterGame", "Assembly-CSharp.csproj", "{1EDD5F4F-41D6-029E-F6E0-D4361FAC17A3}"
EndProject
Project("{8955F4AE-57C2-FCFB-890F-DA27AA3E90C5}") = "TopDownShooterGame", "Assembly-CSharp-Editor.csproj", "{88A933A9-6011-6C46-93D7-9094A7E81899}"
EndProject
Global
	GlobalSection(SolutionConfigurationPlatforms) = preSolution
		Debug|Any CPU = Debug|Any CPU
		Release|Any CPU = Release|Any CPU
	EndGlobalSection
	GlobalSection(ProjectConfigurationPlatforms) = postSolution
		{1EDD5F4F-41D6-029E-F6E0-D4361FAC17A3}.Debug|Any CPU.ActiveCfg = Debug|Any CPU
		{1EDD5F4F-41D6-029E-F6E0-D4361FAC17A3}.Debug|Any CPU.Build.0 = Debug|Any CPU
		{1EDD5F4F-41D6-029E-F6E0-D4361FAC17A3}.Release|Any CPU.ActiveCfg = Release|Any CPU
		{1EDD5F4F-41D6-029E-F6E0-D4361FAC17A3}.Release|Any CPU.Build.0 = Release|Any CPU
		{88A933A9-6011-6C46-93D7-9094A7E81899}.Debug|Any CPU.ActiveCfg = Debug|Any CPU
		{88A933A9-6011-6C46-93D7-9094A7E81899}.Debug|Any CPU.Build.0 = Debug|Any CPU
		{88A933A9-6011-6C46-93D7-9094A7E81899}.Release|Any CPU.ActiveCfg = Release|Any CPU
		{88A933A9-6011-6C46-93D7-9094A7E81899}.Release|Any CPU.Build.0 = Release|Any CPU
	EndGlobalSection
	GlobalSection(SolutionProperties) = preSolution
		HideSolutionNode = FALSE
	EndGlobalSection
															GlobalSection(MonoDevelopProperties) = preSolution
		StartupItem = Assembly-CSharp.csproj
		Policies = $0
		$0.TextStylePolicy = $1
		$1.inheritsSet = null
		$1.scope = text/x-csharp
		$0.CSharpFormattingPolicy = $2
		$2.inheritsSet = Mono
		$2.inheritsScope = text/x-csharp
		$2.scope = text/x-csharp
		$0.TextStylePolicy = $3
		$3.FileWidth = 120
		$3.TabWidth = 4
		$3.IndentWidth = 4
		$3.EolMarker = Unix
		$3.inheritsSet = Mono
		$3.inheritsScope = text/plain
		$3.scope = text/plain
	EndGlobalSection
EndGlobal
